
Microsoft Visual Studio Solution File, Format Version 12.00
# Visual Studio Version 17
VisualStudioVersion = 17.5.33414.496
MinimumVisualStudioVersion = 10.0.40219.1
Project("{FAE04EC0-301F-11D3-BF4B-00C04F79EFBC}") = "BankAppUsingController", "BankAppUsingController\BankAppUsingController.csproj", "{F86492D8-E4D1-4F31-82FB-3C388AF6B770}"
EndProject
Global
	GlobalSection(SolutionConfigurationPlatforms) = preSolution
		Debug|Any CPU = Debug|Any CPU
		Release|Any CPU = Release|Any CPU
	EndGlobalSection
	GlobalSection(ProjectConfigurationPlatforms) = postSolution
		{F86492D8-E4D1-4F31-82FB-3C388AF6B770}.Debug|Any CPU.ActiveCfg = Debug|Any CPU
		{F86492D8-E4D1-4F31-82FB-3C388AF6B770}.Debug|Any CPU.Build.0 = Debug|Any CPU
		{F86492D8-E4D1-4F31-82FB-3C388AF6B770}.Release|Any CPU.ActiveCfg = Release|Any CPU
		{F86492D8-E4D1-4F31-82FB-3C388AF6B770}.Release|Any CPU.Build.0 = Release|Any CPU
	EndGlobalSection
	GlobalSection(SolutionProperties) = preSolution
		HideSolutionNode = FALSE
	EndGlobalSection
	GlobalSection(ExtensibilityGlobals) = postSolution
		SolutionGuid = {2251EE60-C070-406E-B25E-A9CAFB5A85E6}
	EndGlobalSection
EndGlobal
